
Microsoft Visual Studio Solution File, Format Version 12.00
# Visual Studio Version 17
VisualStudioVersion = 17.10.35013.160
MinimumVisualStudioVersion = 10.0.40219.1
Project("{FAE04EC0-301F-11D3-BF4B-00C04F79EFBC}") = "Dentist", "Dentist\Dentist.csproj", "{77C97202-E458-42E2-AE6E-C50236FCF5C2}"
EndProject
Global
	GlobalSection(SolutionConfigurationPlatforms) = preSolution
		Debug|Any CPU = Debug|Any CPU
		Release|Any CPU = Release|Any CPU
	EndGlobalSection
	GlobalSection(ProjectConfigurationPlatforms) = postSolution
		{77C97202-E458-42E2-AE6E-C50236FCF5C2}.Debug|Any CPU.ActiveCfg = Debug|Any CPU
		{77C97202-E458-42E2-AE6E-C50236FCF5C2}.Debug|Any CPU.Build.0 = Debug|Any CPU
		{77C97202-E458-42E2-AE6E-C50236FCF5C2}.Release|Any CPU.ActiveCfg = Release|Any CPU
		{77C97202-E458-42E2-AE6E-C50236FCF5C2}.Release|Any CPU.Build.0 = Release|Any CPU
	EndGlobalSection
	GlobalSection(SolutionProperties) = preSolution
		HideSolutionNode = FALSE
	EndGlobalSection
	GlobalSection(ExtensibilityGlobals) = postSolution
		SolutionGuid = {DD75F0C2-D90E-409A-B1C4-A7972D92303A}
	EndGlobalSection
EndGlobal
